
Microsoft Visual Studio Solution File, Format Version 12.00
# Visual Studio 15
VisualStudioVersion = 15.0.27703.2035
MinimumVisualStudioVersion = 10.0.40219.1
Project("{9A19103F-16F7-4668-BE54-9A1E7A4F7556}") = "Framework.Entity", "Framework.Entity\Framework.Entity.csproj", "{284857C1-21D5-40F8-B9C8-04C675BFF260}"
EndProject
Global
	GlobalSection(SolutionConfigurationPlatforms) = preSolution
		Debug|Any CPU = Debug|Any CPU
		Release|Any CPU = Release|Any CPU
	EndGlobalSection
	GlobalSection(ProjectConfigurationPlatforms) = postSolution
		{284857C1-21D5-40F8-B9C8-04C675BFF260}.Debug|Any CPU.ActiveCfg = Debug|Any CPU
		{284857C1-21D5-40F8-B9C8-04C675BFF260}.Debug|Any CPU.Build.0 = Debug|Any CPU
		{284857C1-21D5-40F8-B9C8-04C675BFF260}.Release|Any CPU.ActiveCfg = Release|Any CPU
		{284857C1-21D5-40F8-B9C8-04C675BFF260}.Release|Any CPU.Build.0 = Release|Any CPU
	EndGlobalSection
	GlobalSection(SolutionProperties) = preSolution
		HideSolutionNode = FALSE
	EndGlobalSection
	GlobalSection(ExtensibilityGlobals) = postSolution
		SolutionGuid = {CF700D6F-1D35-483B-8864-FE1BB3B0905B}
	EndGlobalSection
EndGlobal
